
Microsoft Visual Studio Solution File, Format Version 12.00
# Visual Studio Version 17
VisualStudioVersion = 17.10.35122.118
MinimumVisualStudioVersion = 10.0.40219.1
Project("{8BC9CEB8-8B4A-11D0-8D11-00A0C91BC942}") = "GE_Core", "GE_Core\GE_Core.vcxproj", "{88A6A080-D0DA-4BC2-B0D9-22217E63DD23}"
EndProject
Project("{8BC9CEB8-8B4A-11D0-8D11-00A0C91BC942}") = "GE_Editor", "GE_Editor\GE_Editor.vcxproj", "{6E4C1E82-C721-46D1-A005-4C41A3B840F0}"
EndProject
Project("{8BC9CEB8-8B4A-11D0-8D11-00A0C91BC942}") = "GE_EngineCore", "GE_EngineCore\GE_EngineCore.vcxproj", "{BEAFA70A-AC8A-4503-9076-15C6230B46F0}"
EndProject
Global
	GlobalSection(SolutionConfigurationPlatforms) = preSolution
		Debug|x64 = Debug|x64
		Debug|x86 = Debug|x86
		Release|x64 = Release|x64
		Release|x86 = Release|x86
	EndGlobalSection
	GlobalSection(ProjectConfigurationPlatforms) = postSolution
		{88A6A080-D0DA-4BC2-B0D9-22217E63DD23}.Debug|x64.ActiveCfg = Debug|x64
		{88A6A080-D0DA-4BC2-B0D9-22217E63DD23}.Debug|x64.Build.0 = Debug|x64
		{88A6A080-D0DA-4BC2-B0D9-22217E63DD23}.Debug|x86.ActiveCfg = Debug|Win32
		{88A6A080-D0DA-4BC2-B0D9-22217E63DD23}.Debug|x86.Build.0 = Debug|Win32
		{88A6A080-D0DA-4BC2-B0D9-22217E63DD23}.Release|x64.ActiveCfg = Release|x64
		{88A6A080-D0DA-4BC2-B0D9-22217E63DD23}.Release|x64.Build.0 = Release|x64
		{88A6A080-D0DA-4BC2-B0D9-22217E63DD23}.Release|x86.ActiveCfg = Release|Win32
		{88A6A080-D0DA-4BC2-B0D9-22217E63DD23}.Release|x86.Build.0 = Release|Win32
		{6E4C1E82-C721-46D1-A005-4C41A3B840F0}.Debug|x64.ActiveCfg = Debug|x64
		{6E4C1E82-C721-46D1-A005-4C41A3B840F0}.Debug|x64.Build.0 = Debug|x64
		{6E4C1E82-C721-46D1-A005-4C41A3B840F0}.Debug|x86.ActiveCfg = Debug|Win32
		{6E4C1E82-C721-46D1-A005-4C41A3B840F0}.Debug|x86.Build.0 = Debug|Win32
		{6E4C1E82-C721-46D1-A005-4C41A3B840F0}.Release|x64.ActiveCfg = Release|x64
		{6E4C1E82-C721-46D1-A005-4C41A3B840F0}.Release|x64.Build.0 = Release|x64
		{6E4C1E82-C721-46D1-A005-4C41A3B840F0}.Release|x86.ActiveCfg = Release|Win32
		{6E4C1E82-C721-46D1-A005-4C41A3B840F0}.Release|x86.Build.0 = Release|Win32
		{BEAFA70A-AC8A-4503-9076-15C6230B46F0}.Debug|x64.ActiveCfg = Debug|x64
		{BEAFA70A-AC8A-4503-9076-15C6230B46F0}.Debug|x64.Build.0 = Debug|x64
		{BEAFA70A-AC8A-4503-9076-15C6230B46F0}.Debug|x86.ActiveCfg = Debug|Win32
		{BEAFA70A-AC8A-4503-9076-15C6230B46F0}.Debug|x86.Build.0 = Debug|Win32
		{BEAFA70A-AC8A-4503-9076-15C6230B46F0}.Release|x64.ActiveCfg = Release|x64
		{BEAFA70A-AC8A-4503-9076-15C6230B46F0}.Release|x64.Build.0 = Release|x64
		{BEAFA70A-AC8A-4503-9076-15C6230B46F0}.Release|x86.ActiveCfg = Release|Win32
		{BEAFA70A-AC8A-4503-9076-15C6230B46F0}.Release|x86.Build.0 = Release|Win32
	EndGlobalSection
	GlobalSection(SolutionProperties) = preSolution
		HideSolutionNode = FALSE
	EndGlobalSection
	GlobalSection(ExtensibilityGlobals) = postSolution
		SolutionGuid = {266DAF4F-8A60-4C27-9159-F7C6F5FCF0A7}
	EndGlobalSection
EndGlobal
