<?xml version="1.0" encoding="utf-8"?>
<Project ToolsVersion="4.0" xmlns="http://schemas.microsoft.com/developer/msbuild/2003">
  <ItemGroup>
    <Filter Include="DX11">
      <UniqueIdentifier>{61b82683-7e05-4ca0-aceb-f63ebeb10760}</UniqueIdentifier>
    </Filter>
    <Filter Include="DX11\src">
      <UniqueIdentifier>{6a073c42-c6c2-414d-ba02-594822641da3}</UniqueIdentifier>
    </Filter>
    <Filter Include="DX11\src\Renderer">
      <UniqueIdentifier>{f2ab88d0-4311-4f5a-99ef-0021dece5234}</UniqueIdentifier>
    </Filter>
  </ItemGroup>
</Project>