<?xml version="1.0" encoding="utf-8"?>
<Project ToolsVersion="4.0" xmlns="http://schemas.microsoft.com/developer/msbuild/2003">
  <ItemGroup>
    <Filter Include="src">
      <UniqueIdentifier>{327084a6-ff90-4bdb-9989-e7365701eb0e}</UniqueIdentifier>
    </Filter>
    <Filter Include="src\Application">
      <UniqueIdentifier>{37682c7e-f97c-4201-b8e9-ddf485dc9c5d}</UniqueIdentifier>
    </Filter>
  </ItemGroup>
  <ItemGroup>
    <ClInclude Include="src\Window.h">
      <Filter>src\Application</Filter>
    </ClInclude>
    <ClInclude Include="src\Private\GE_EngineCoreAPI.h" />
    <ClInclude Include="src\Private\window.h" />
    <ClInclude Include="src\Private\Logger.h" />
    <ClInclude Include="src\Private\GE_EngineCoreMacros.h" />
  </ItemGroup>
  <ItemGroup>
    <ClCompile Include="src\Public\window.cpp" />
    <ClCompile Include="src\Public\Logger.cpp" />
  </ItemGroup>
</Project>